
Microsoft Visual Studio Solution File, Format Version 12.00
Project("{FAE04EC0-301F-11D3-BF4B-00C04F79EFBC}") = "BankSystem.Web", "BankSystem.Web\BankSystem.Web.csproj", "{0BA063DE-6375-4166-8680-31FA303FA1B0}"
EndProject
Project("{FAE04EC0-301F-11D3-BF4B-00C04F79EFBC}") = "BankSystem.Application", "BankSystem.Application\BankSystem.Application.csproj", "{CEA39AEA-2B4B-4C56-8FEF-DF4AAC7B3324}"
EndProject
Project("{FAE04EC0-301F-11D3-BF4B-00C04F79EFBC}") = "BankSystem.Infrastructure", "BankSystem.Infrastructure\BankSystem.Infrastructure.csproj", "{B1FF2E78-322A-4DE8-B259-0245EF4E4A31}"
EndProject
Project("{FAE04EC0-301F-11D3-BF4B-00C04F79EFBC}") = "BankSystem.Domain", "BankSystem.Domain\BankSystem.Domain.csproj", "{079CD286-0BEA-45FD-8BE5-36A4EEAA35B2}"
EndProject
Global
	GlobalSection(SolutionConfigurationPlatforms) = preSolution
		Debug|Any CPU = Debug|Any CPU
		Release|Any CPU = Release|Any CPU
	EndGlobalSection
	GlobalSection(ProjectConfigurationPlatforms) = postSolution
		{0BA063DE-6375-4166-8680-31FA303FA1B0}.Debug|Any CPU.ActiveCfg = Debug|Any CPU
		{0BA063DE-6375-4166-8680-31FA303FA1B0}.Debug|Any CPU.Build.0 = Debug|Any CPU
		{0BA063DE-6375-4166-8680-31FA303FA1B0}.Release|Any CPU.ActiveCfg = Release|Any CPU
		{0BA063DE-6375-4166-8680-31FA303FA1B0}.Release|Any CPU.Build.0 = Release|Any CPU
		{CEA39AEA-2B4B-4C56-8FEF-DF4AAC7B3324}.Debug|Any CPU.ActiveCfg = Debug|Any CPU
		{CEA39AEA-2B4B-4C56-8FEF-DF4AAC7B3324}.Debug|Any CPU.Build.0 = Debug|Any CPU
		{CEA39AEA-2B4B-4C56-8FEF-DF4AAC7B3324}.Release|Any CPU.ActiveCfg = Release|Any CPU
		{CEA39AEA-2B4B-4C56-8FEF-DF4AAC7B3324}.Release|Any CPU.Build.0 = Release|Any CPU
		{B1FF2E78-322A-4DE8-B259-0245EF4E4A31}.Debug|Any CPU.ActiveCfg = Debug|Any CPU
		{B1FF2E78-322A-4DE8-B259-0245EF4E4A31}.Debug|Any CPU.Build.0 = Debug|Any CPU
		{B1FF2E78-322A-4DE8-B259-0245EF4E4A31}.Release|Any CPU.ActiveCfg = Release|Any CPU
		{B1FF2E78-322A-4DE8-B259-0245EF4E4A31}.Release|Any CPU.Build.0 = Release|Any CPU
		{079CD286-0BEA-45FD-8BE5-36A4EEAA35B2}.Debug|Any CPU.ActiveCfg = Debug|Any CPU
		{079CD286-0BEA-45FD-8BE5-36A4EEAA35B2}.Debug|Any CPU.Build.0 = Debug|Any CPU
		{079CD286-0BEA-45FD-8BE5-36A4EEAA35B2}.Release|Any CPU.ActiveCfg = Release|Any CPU
		{079CD286-0BEA-45FD-8BE5-36A4EEAA35B2}.Release|Any CPU.Build.0 = Release|Any CPU
	EndGlobalSection
EndGlobal
